// !$*UTF8*$!
{
	archiveVersion = 1;
	classes = {
	};
	objectVersion = 48;
	objects = {

/* Begin PBXBuildFile section */
		844E25EF1FF5719B001449E4 /* AppDelegate.swift in Sources */ = {isa = PBXBuildFile; fileRef = 844E25EE1FF5719B001449E4 /* AppDelegate.swift */; };
		844E25F11FF5719B001449E4 /* ViewController.swift in Sources */ = {isa = PBXBuildFile; fileRef = 844E25F01FF5719B001449E4 /* ViewController.swift */; };
		844E25F41FF5719C001449E4 /* Main.storyboard in Resources */ = {isa = PBXBuildFile; fileRef = 844E25F21FF5719C001449E4 /* Main.storyboard */; };
		844E25F71FF5719C001449E4 /* EnumDemo.xcdatamodeld in Sources */ = {isa = PBXBuildFile; fileRef = 844E25F51FF5719C001449E4 /* EnumDemo.xcdatamodeld */; };
		844E25F91FF5719C001449E4 /* Assets.xcassets in Resources */ = {isa = PBXBuildFile; fileRef = 844E25F81FF5719C001449E4 /* Assets.xcassets */; };
		844E25FC1FF5719C001449E4 /* LaunchScreen.storyboard in Resources */ = {isa = PBXBuildFile; fileRef = 844E25FA1FF5719C001449E4 /* LaunchScreen.storyboard */; };
/* End PBXBuildFile section */

/* Begin PBXFileReference section */
		844E25EB1FF5719B001449E4 /* EnumDemo.app */ = {isa = PBXFileReference; explicitFileType = wrapper.application; includeInIndex = 0; path = EnumDemo.app; sourceTree = BUILT_PRODUCTS_DIR; };
		844E25EE1FF5719B001449E4 /* AppDelegate.swift */ = {isa = PBXFileReference; lastKnownFileType = sourcecode.swift; path = AppDelegate.swift; sourceTree = "<group>"; };
		844E25F01FF5719B001449E4 /* ViewController.swift */ = {isa = PBXFileReference; lastKnownFileType = sourcecode.swift; path = ViewController.swift; sourceTree = "<group>"; };
		844E25F31FF5719C001449E4 /* Base */ = {isa = PBXFileReference; lastKnownFileType = file.storyboard; name = Base; path = Base.lproj/Main.storyboard; sourceTree = "<group>"; };
		844E25F61FF5719C001449E4 /* EnumDemo.xcdatamodel */ = {isa = PBXFileReference; lastKnownFileType = wrapper.xcdatamodel; path = EnumDemo.xcdatamodel; sourceTree = "<group>"; };
		844E25F81FF5719C001449E4 /* Assets.xcassets */ = {isa = PBXFileReference; lastKnownFileType = folder.assetcatalog; path = Assets.xcassets; sourceTree = "<group>"; };
		844E25FB1FF5719C001449E4 /* Base */ = {isa = PBXFileReference; lastKnownFileType = file.storyboard; name = Base; path = Base.lproj/LaunchScreen.storyboard; sourceTree = "<group>"; };
		844E25FD1FF5719C001449E4 /* Info.plist */ = {isa = PBXFileReference; lastKnownFileType = text.plist.xml; path = Info.plist; sourceTree = "<group>"; };
/* End PBXFileReference section */

/* Begin PBXFrameworksBuildPhase section */
		844E25E81FF5719B001449E4 /* Frameworks */ = {
			isa = PBXFrameworksBuildPhase;
			buildActionMask = 2147483647;
			files = (
			);
			runOnlyForDeploymentPostprocessing = 0;
		};
/* End PBXFrameworksBuildPhase section */

/* Begin PBXGroup section */
		844E25E21FF5719B001449E4 = {
			isa = PBXGroup;
			children = (
				844E25ED1FF5719B001449E4 /* EnumDemo */,
				844E25EC1FF5719B001449E4 /* Products */,
			);
			sourceTree = "<group>";
		};
		844E25EC1FF5719B001449E4 /* Products */ = {
			isa = PBXGroup;
			children = (
				844E25EB1FF5719B001449E4 /* EnumDemo.app */,
			);
			name = Products;
			sourceTree = "<group>";
		};
		844E25ED1FF5719B001449E4 /* EnumDemo */ = {
			isa = PBXGroup;
			children = (
				844E25EE1FF5719B001449E4 /* AppDelegate.swift */,
				844E25F01FF5719B001449E4 /* ViewController.swift */,
				844E25F21FF5719C001449E4 /* Main.storyboard */,
				844E25F81FF5719C001449E4 /* Assets.xcassets */,
				844E25FA1FF5719C001449E4 /* LaunchScreen.storyboard */,
				844E25FD1FF5719C001449E4 /* Info.plist */,
				844E25F51FF5719C001449E4 /* EnumDemo.xcdatamodeld */,
			);
			path = EnumDemo;
			sourceTree = "<group>";
		};
/* End PBXGroup section */

/* Begin PBXNativeTarget section */
		844E25EA1FF5719B001449E4 /* EnumDemo */ = {
			isa = PBXNativeTarget;
			buildConfigurationList = 844E26001FF5719C001449E4 /* Build configuration list for PBXNativeTarget "EnumDemo" */;
			buildPhases = (
				844E25E71FF5719B001449E4 /* Sources */,
				844E25E81FF5719B001449E4 /* Frameworks */,
				844E25E91FF5719B001449E4 /* Resources */,
			);
			buildRules = (
			);
			dependencies = (
			);
			name = EnumDemo;
			productName = EnumDemo;
			productReference = 844E25EB1FF5719B001449E4 /* EnumDemo.app */;
			productType = "com.apple.product-type.application";
		};
/* End PBXNativeTarget section */

/* Begin PBXProject section */
		844E25E31FF5719B001449E4 /* Project object */ = {
			isa = PBXProject;
			attributes = {
				LastSwiftUpdateCheck = 0920;
				LastUpgradeCheck = 0920;
				ORGANIZATIONNAME = MAC;
				TargetAttributes = {
					844E25EA1FF5719B001449E4 = {
						CreatedOnToolsVersion = 9.2;
						ProvisioningStyle = Automatic;
					};
				};
			};
			buildConfigurationList = 844E25E61FF5719B001449E4 /* Build configuration list for PBXProject "EnumDemo" */;
			compatibilityVersion = "Xcode 8.0";
			developmentRegion = en;
			hasScannedForEncodings = 0;
			knownRegions = (
				en,
				Base,
			);
			mainGroup = 844E25E21FF5719B001449E4;
			productRefGroup = 844E25EC1FF5719B001449E4 /* Products */;
			projectDirPath = "";
			projectRoot = "";
			targets = (
				844E25EA1FF5719B001449E4 /* EnumDemo */,
			);
		};
/* End PBXProject section */

/* Begin PBXResourcesBuildPhase section */
		844E25E91FF5719B001449E4 /* Resources */ = {
			isa = PBXResourcesBuildPhase;
			buildActionMask = 2147483647;
			files = (
				844E25FC1FF5719C001449E4 /* LaunchScreen.storyboard in Resources */,
				844E25F91FF5719C001449E4 /* Assets.xcassets in Resources */,
				844E25F41FF5719C001449E4 /* Main.storyboard in Resources */,
			);
			runOnlyForDeploymentPostprocessing = 0;
		};
/* End PBXResourcesBuildPhase section */

/* Begin PBXSourcesBuildPhase section */
		844E25E71FF5719B001449E4 /* Sources */ = {
			isa = PBXSourcesBuildPhase;
			buildActionMask = 2147483647;
			files = (
				844E25F71FF5719C001449E4 /* EnumDemo.xcdatamodeld in Sources */,
				844E25F11FF5719B001449E4 /* ViewController.swift in Sources */,
				844E25EF1FF5719B001449E4 /* AppDelegate.swift in Sources */,
			);
			runOnlyForDeploymentPostprocessing = 0;
		};
/* End PBXSourcesBuildPhase section */

/* Begin PBXVariantGroup section */
		844E25F21FF5719C001449E4 /* Main.storyboard */ = {
			isa = PBXVariantGroup;
			children = (
				844E25F31FF5719C001449E4 /* Base */,
			);
			name = Main.storyboard;
			sourceTree = "<group>";
		};
		844E25FA1FF5719C001449E4 /* LaunchScreen.storyboard */ = {
			isa = PBXVariantGroup;
			children = (
				844E25FB1FF5719C001449E4 /* Base */,
			);
			name = LaunchScreen.storyboard;
			sourceTree = "<group>";
		};
/* End PBXVariantGroup section */

/* Begin XCBuildConfiguration section */
		844E25FE1FF5719C001449E4 /* Debug */ = {
			isa = XCBuildConfiguration;
			buildSettings = {
				ALWAYS_SEARCH_USER_PATHS = NO;
				CLANG_ANALYZER_NONNULL = YES;
				CLANG_ANALYZER_NUMBER_OBJECT_CONVERSION = YES_AGGRESSIVE;
				CLANG_CXX_LANGUAGE_STANDARD = "gnu++14";
				CLANG_CXX_LIBRARY = "libc++";
				CLANG_ENABLE_MODULES = YES;
				CLANG_ENABLE_OBJC_ARC = YES;
				CLANG_WARN_BLOCK_CAPTURE_AUTORELEASING = YES;
				CLANG_WARN_BOOL_CONVERSION = YES;
				CLANG_WARN_COMMA = YES;
				CLANG_WARN_CONSTANT_CONVERSION = YES;
				CLANG_WARN_DIRECT_OBJC_ISA_USAGE = YES_ERROR;
				CLANG_WARN_DOCUMENTATION_COMMENTS = YES;
				CLANG_WARN_EMPTY_BODY = YES;
				CLANG_WARN_ENUM_CONVERSION = YES;
				CLANG_WARN_INFINITE_RECURSION = YES;
				CLANG_WARN_INT_CONVERSION = YES;
				CLANG_WARN_NON_LITERAL_NULL_CONVERSION = YES;
				CLANG_WARN_OBJC_LITERAL_CONVERSION = YES;
				CLANG_WARN_OBJC_ROOT_CLASS = YES_ERROR;
				CLANG_WARN_RANGE_LOOP_ANALYSIS = YES;
				CLANG_WARN_STRICT_PROTOTYPES = YES;
				CLANG_WARN_SUSPICIOUS_MOVE = YES;
				CLANG_WARN_UNGUARDED_AVAILABILITY = YES_AGGRESSIVE;
				CLANG_WARN_UNREACHABLE_CODE = YES;
				CLANG_WARN__DUPLICATE_METHOD_MATCH = YES;
				CODE_SIGN_IDENTITY = "iPhone Developer";
				COPY_PHASE_STRIP = NO;
				DEBUG_INFORMATION_FORMAT = dwarf;
				ENABLE_STRICT_OBJC_MSGSEND = YES;
				ENABLE_TESTABILITY = YES;
				GCC_C_LANGUAGE_STANDARD = gnu11;
				GCC_DYNAMIC_NO_PIC = NO;
				GCC_NO_COMMON_BLOCKS = YES;
				GCC_OPTIMIZATION_LEVEL = 0;
				GCC_PREPROCESSOR_DEFINITIONS = (
					"DEBUG=1",
					"$(inherited)",
				);
				GCC_WARN_64_TO_32_BIT_CONVERSION = YES;
				GCC_WARN_ABOUT_RETURN_TYPE = YES_ERROR;
				GCC_WARN_UNDECLARED_SELECTOR = YES;
				GCC_WARN_UNINITIALIZED_AUTOS = YES_AGGRESSIVE;
				GCC_WARN_UNUSED_FUNCTION = YES;
				GCC_WARN_UNUSED_VARIABLE = YES;
				IPHONEOS_DEPLOYMENT_TARGET = 11.2;
				MTL_ENABLE_DEBUG_INFO = YES;
				ONLY_ACTIVE_ARCH = YES;
				SDKROOT = iphoneos;
				SWIFT_ACTIVE_COMPILATION_CONDITIONS = DEBUG;
				SWIFT_OPTIMIZATION_LEVEL = "-Onone";
			};
			name = Debug;
		};
		844E25FF1FF5719C001449E4 /* Release */ = {
			isa = XCBuildConfiguration;
			buildSettings = {
				ALWAYS_SEARCH_USER_PATHS = NO;
				CLANG_ANALYZER_NONNULL = YES;
				CLANG_ANALYZER_NUMBER_OBJECT_CONVERSION = YES_AGGRESSIVE;
				CLANG_CXX_LANGUAGE_STANDARD = "gnu++14";
				CLANG_CXX_LIBRARY = "libc++";
				CLANG_ENABLE_MODULES = YES;
				CLANG_ENABLE_OBJC_ARC = YES;
				CLANG_WARN_BLOCK_CAPTURE_AUTORELEASING = YES;
				CLANG_WARN_BOOL_CONVERSION = YES;
				CLANG_WARN_COMMA = YES;
				CLANG_WARN_CONSTANT_CONVERSION = YES;
				CLANG_WARN_DIRECT_OBJC_ISA_USAGE = YES_ERROR;
				CLANG_WARN_DOCUMENTATION_COMMENTS = YES;
				CLANG_WARN_EMPTY_BODY = YES;
				CLANG_WARN_ENUM_CONVERSION = YES;
				CLANG_WARN_INFINITE_RECURSION = YES;
				CLANG_WARN_INT_CONVERSION = YES;
				CLANG_WARN_NON_LITERAL_NULL_CONVERSION = YES;
				CLANG_WARN_OBJC_LITERAL_CONVERSION = YES;
				CLANG_WARN_OBJC_ROOT_CLASS = YES_ERROR;
				CLANG_WARN_RANGE_LOOP_ANALYSIS = YES;
				CLANG_WARN_STRICT_PROTOTYPES = YES;
				CLANG_WARN_SUSPICIOUS_MOVE = YES;
				CLANG_WARN_UNGUARDED_AVAILABILITY = YES_AGGRESSIVE;
				CLANG_WARN_UNREACHABLE_CODE = YES;
				CLANG_WARN__DUPLICATE_METHOD_MATCH = YES;
				CODE_SIGN_IDENTITY = "iPhone Developer";
				COPY_PHASE_STRIP = NO;
				DEBUG_INFORMATION_FORMAT = "dwarf-with-dsym";
				ENABLE_NS_ASSERTIONS = NO;
				ENABLE_STRICT_OBJC_MSGSEND = YES;
				GCC_C_LANGUAGE_STANDARD = gnu11;
				GCC_NO_COMMON_BLOCKS = YES;
				GCC_WARN_64_TO_32_BIT_CONVERSION = YES;
				GCC_WARN_ABOUT_RETURN_TYPE = YES_ERROR;
				GCC_WARN_UNDECLARED_SELECTOR = YES;
				GCC_WARN_UNINITIALIZED_AUTOS = YES_AGGRESSIVE;
				GCC_WARN_UNUSED_FUNCTION = YES;
				GCC_WARN_UNUSED_VARIABLE = YES;
				IPHONEOS_DEPLOYMENT_TARGET = 11.2;
				MTL_ENABLE_DEBUG_INFO = NO;
				SDKROOT = iphoneos;
				SWIFT_OPTIMIZATION_LEVEL = "-Owholemodule";
				VALIDATE_PRODUCT = YES;
			};
			name = Release;
		};
		844E26011FF5719C001449E4 /* Debug */ = {
			isa = XCBuildConfiguration;
			buildSettings = {
				ASSETCATALOG_COMPILER_APPICON_NAME = AppIcon;
				CODE_SIGN_STYLE = Automatic;
				INFOPLIST_FILE = EnumDemo/Info.plist;
				LD_RUNPATH_SEARCH_PATHS = "$(inherited) @executable_path/Frameworks";
				PRODUCT_BUNDLE_IDENTIFIER = com.MobileAppsCompany.EnumDemo;
				PRODUCT_NAME = "$(TARGET_NAME)";
				SWIFT_VERSION = 4.0;
				TARGETED_DEVICE_FAMILY = "1,2";
			};
			name = Debug;
		};
		844E26021FF5719C001449E4 /* Release */ = {
			isa = XCBuildConfiguration;
			buildSettings = {
				ASSETCATALOG_COMPILER_APPICON_NAME = AppIcon;
				CODE_SIGN_STYLE = Automatic;
				INFOPLIST_FILE = EnumDemo/Info.plist;
				LD_RUNPATH_SEARCH_PATHS = "$(inherited) @executable_path/Frameworks";
				PRODUCT_BUNDLE_IDENTIFIER = com.MobileAppsCompany.EnumDemo;
				PRODUCT_NAME = "$(TARGET_NAME)";
				SWIFT_VERSION = 4.0;
				TARGETED_DEVICE_FAMILY = "1,2";
			};
			name = Release;
		};
/* End XCBuildConfiguration section */

/* Begin XCConfigurationList section */
		844E25E61FF5719B001449E4 /* Build configuration list for PBXProject "EnumDemo" */ = {
			isa = XCConfigurationList;
			buildConfigurations = (
				844E25FE1FF5719C001449E4 /* Debug */,
				844E25FF1FF5719C001449E4 /* Release */,
			);
			defaultConfigurationIsVisible = 0;
			defaultConfigurationName = Release;
		};
		844E26001FF5719C001449E4 /* Build configuration list for PBXNativeTarget "EnumDemo" */ = {
			isa = XCConfigurationList;
			buildConfigurations = (
				844E26011FF5719C001449E4 /* Debug */,
				844E26021FF5719C001449E4 /* Release */,
			);
			defaultConfigurationIsVisible = 0;
			defaultConfigurationName = Release;
		};
/* End XCConfigurationList section */

/* Begin XCVersionGroup section */
		844E25F51FF5719C001449E4 /* EnumDemo.xcdatamodeld */ = {
			isa = XCVersionGroup;
			children = (
				844E25F61FF5719C001449E4 /* EnumDemo.xcdatamodel */,
			);
			currentVersion = 844E25F61FF5719C001449E4 /* EnumDemo.xcdatamodel */;
			path = EnumDemo.xcdatamodeld;
			sourceTree = "<group>";
			versionGroupType = wrapper.xcdatamodel;
		};
/* End XCVersionGroup section */
	};
	rootObject = 844E25E31FF5719B001449E4 /* Project object */;
}
